<Solution>
  <Project Path="InventoryManagementSystem-Tests/InventoryManagementSystem-Tests.csproj" Id="c150731a-e2d6-4388-b380-6588202a6eb5" />
  <Project Path="InventorySystem-API/InventorySystem-API.csproj" />
  <Project Path="InventorySystem-MAUI/InventorySystem-MAUI.csproj">
    <Deploy Solution="Debug|*" />
  </Project>
  <Project Path="InventorySystem-Shared/InventorySystem-Shared.csproj" />
</Solution>
